{
  "version": "5",
  "specifiers": {
    "npm:concurrently@^9.2.0": "9.2.0"
  },
  "npm": {
    "@esbuild/aix-ppc64@0.25.6": {
      "integrity": "sha512-ShbM/3XxwuxjFiuVBHA+d3j5dyac0aEVVq1oluIDf71hUw0aRF59dV/efUsIwFnR6m8JNM2FjZOzmaZ8yG61kw==",
      "os": ["aix"],
      "cpu": ["ppc64"]
    },
    "@esbuild/android-arm64@0.25.6": {
      "integrity": "sha512-hd5zdUarsK6strW+3Wxi5qWws+rJhCCbMiC9QZyzoxfk5uHRIE8T287giQxzVpEvCwuJ9Qjg6bEjcRJcgfLqoA==",
      "os": ["android"],
      "cpu": ["arm64"]
    },
    "@esbuild/android-arm@0.25.6": {
      "integrity": "sha512-S8ToEOVfg++AU/bHwdksHNnyLyVM+eMVAOf6yRKFitnwnbwwPNqKr3srzFRe7nzV69RQKb5DgchIX5pt3L53xg==",
      "os": ["android"],
      "cpu": ["arm"]
    },
    "@esbuild/android-x64@0.25.6": {
      "integrity": "sha512-0Z7KpHSr3VBIO9A/1wcT3NTy7EB4oNC4upJ5ye3R7taCc2GUdeynSLArnon5G8scPwaU866d3H4BCrE5xLW25A==",
      "os": ["android"],
      "cpu": ["x64"]
    },
    "@esbuild/darwin-arm64@0.25.6": {
      "integrity": "sha512-FFCssz3XBavjxcFxKsGy2DYK5VSvJqa6y5HXljKzhRZ87LvEi13brPrf/wdyl/BbpbMKJNOr1Sd0jtW4Ge1pAA==",
      "os": ["darwin"],
      "cpu": ["arm64"]
    },
    "@esbuild/darwin-x64@0.25.6": {
      "integrity": "sha512-GfXs5kry/TkGM2vKqK2oyiLFygJRqKVhawu3+DOCk7OxLy/6jYkWXhlHwOoTb0WqGnWGAS7sooxbZowy+pK9Yg==",
      "os": ["darwin"],
      "cpu": ["x64"]
    },
    "@esbuild/freebsd-arm64@0.25.6": {
      "integrity": "sha512-aoLF2c3OvDn2XDTRvn8hN6DRzVVpDlj2B/F66clWd/FHLiHaG3aVZjxQX2DYphA5y/evbdGvC6Us13tvyt4pWg==",
      "os": ["freebsd"],
      "cpu": ["arm64"]
    },
    "@esbuild/freebsd-x64@0.25.6": {
      "integrity": "sha512-2SkqTjTSo2dYi/jzFbU9Plt1vk0+nNg8YC8rOXXea+iA3hfNJWebKYPs3xnOUf9+ZWhKAaxnQNUf2X9LOpeiMQ==",
      "os": ["freebsd"],
      "cpu": ["x64"]
    },
    "@esbuild/linux-arm64@0.25.6": {
      "integrity": "sha512-b967hU0gqKd9Drsh/UuAm21Khpoh6mPBSgz8mKRq4P5mVK8bpA+hQzmm/ZwGVULSNBzKdZPQBRT3+WuVavcWsQ==",
      "os": ["linux"],
      "cpu": ["arm64"]
    },
    "@esbuild/linux-arm@0.25.6": {
      "integrity": "sha512-SZHQlzvqv4Du5PrKE2faN0qlbsaW/3QQfUUc6yO2EjFcA83xnwm91UbEEVx4ApZ9Z5oG8Bxz4qPE+HFwtVcfyw==",
      "os": ["linux"],
      "cpu": ["arm"]
    },
    "@esbuild/linux-ia32@0.25.6": {
      "integrity": "sha512-aHWdQ2AAltRkLPOsKdi3xv0mZ8fUGPdlKEjIEhxCPm5yKEThcUjHpWB1idN74lfXGnZ5SULQSgtr5Qos5B0bPw==",
      "os": ["linux"],
      "cpu": ["ia32"]
    },
    "@esbuild/linux-loong64@0.25.6": {
      "integrity": "sha512-VgKCsHdXRSQ7E1+QXGdRPlQ/e08bN6WMQb27/TMfV+vPjjTImuT9PmLXupRlC90S1JeNNW5lzkAEO/McKeJ2yg==",
      "os": ["linux"],
      "cpu": ["loong64"]
    },
    "@esbuild/linux-mips64el@0.25.6": {
      "integrity": "sha512-WViNlpivRKT9/py3kCmkHnn44GkGXVdXfdc4drNmRl15zVQ2+D2uFwdlGh6IuK5AAnGTo2qPB1Djppj+t78rzw==",
      "os": ["linux"],
      "cpu": ["mips64el"]
    },
    "@esbuild/linux-ppc64@0.25.6": {
      "integrity": "sha512-wyYKZ9NTdmAMb5730I38lBqVu6cKl4ZfYXIs31Baf8aoOtB4xSGi3THmDYt4BTFHk7/EcVixkOV2uZfwU3Q2Jw==",
      "os": ["linux"],
      "cpu": ["ppc64"]
    },
    "@esbuild/linux-riscv64@0.25.6": {
      "integrity": "sha512-KZh7bAGGcrinEj4qzilJ4hqTY3Dg2U82c8bv+e1xqNqZCrCyc+TL9AUEn5WGKDzm3CfC5RODE/qc96OcbIe33w==",
      "os": ["linux"],
      "cpu": ["riscv64"]
    },
    "@esbuild/linux-s390x@0.25.6": {
      "integrity": "sha512-9N1LsTwAuE9oj6lHMyyAM+ucxGiVnEqUdp4v7IaMmrwb06ZTEVCIs3oPPplVsnjPfyjmxwHxHMF8b6vzUVAUGw==",
      "os": ["linux"],
      "cpu": ["s390x"]
    },
    "@esbuild/linux-x64@0.25.6": {
      "integrity": "sha512-A6bJB41b4lKFWRKNrWoP2LHsjVzNiaurf7wyj/XtFNTsnPuxwEBWHLty+ZE0dWBKuSK1fvKgrKaNjBS7qbFKig==",
      "os": ["linux"],
      "cpu": ["x64"]
    },
    "@esbuild/netbsd-arm64@0.25.6": {
      "integrity": "sha512-IjA+DcwoVpjEvyxZddDqBY+uJ2Snc6duLpjmkXm/v4xuS3H+3FkLZlDm9ZsAbF9rsfP3zeA0/ArNDORZgrxR/Q==",
      "os": ["netbsd"],
      "cpu": ["arm64"]
    },
    "@esbuild/netbsd-x64@0.25.6": {
      "integrity": "sha512-dUXuZr5WenIDlMHdMkvDc1FAu4xdWixTCRgP7RQLBOkkGgwuuzaGSYcOpW4jFxzpzL1ejb8yF620UxAqnBrR9g==",
      "os": ["netbsd"],
      "cpu": ["x64"]
    },
    "@esbuild/openbsd-arm64@0.25.6": {
      "integrity": "sha512-l8ZCvXP0tbTJ3iaqdNf3pjaOSd5ex/e6/omLIQCVBLmHTlfXW3zAxQ4fnDmPLOB1x9xrcSi/xtCWFwCZRIaEwg==",
      "os": ["openbsd"],
      "cpu": ["arm64"]
    },
    "@esbuild/openbsd-x64@0.25.6": {
      "integrity": "sha512-hKrmDa0aOFOr71KQ/19JC7az1P0GWtCN1t2ahYAf4O007DHZt/dW8ym5+CUdJhQ/qkZmI1HAF8KkJbEFtCL7gw==",
      "os": ["openbsd"],
      "cpu": ["x64"]
    },
    "@esbuild/openharmony-arm64@0.25.6": {
      "integrity": "sha512-+SqBcAWoB1fYKmpWoQP4pGtx+pUUC//RNYhFdbcSA16617cchuryuhOCRpPsjCblKukAckWsV+aQ3UKT/RMPcA==",
      "os": ["openharmony"],
      "cpu": ["arm64"]
    },
    "@esbuild/sunos-x64@0.25.6": {
      "integrity": "sha512-dyCGxv1/Br7MiSC42qinGL8KkG4kX0pEsdb0+TKhmJZgCUDBGmyo1/ArCjNGiOLiIAgdbWgmWgib4HoCi5t7kA==",
      "os": ["sunos"],
      "cpu": ["x64"]
    },
    "@esbuild/win32-arm64@0.25.6": {
      "integrity": "sha512-42QOgcZeZOvXfsCBJF5Afw73t4veOId//XD3i+/9gSkhSV6Gk3VPlWncctI+JcOyERv85FUo7RxuxGy+z8A43Q==",
      "os": ["win32"],
      "cpu": ["arm64"]
    },
    "@esbuild/win32-ia32@0.25.6": {
      "integrity": "sha512-4AWhgXmDuYN7rJI6ORB+uU9DHLq/erBbuMoAuB4VWJTu5KtCgcKYPynF0YI1VkBNuEfjNlLrFr9KZPJzrtLkrQ==",
      "os": ["win32"],
      "cpu": ["ia32"]
    },
    "@esbuild/win32-x64@0.25.6": {
      "integrity": "sha512-NgJPHHbEpLQgDH2MjQu90pzW/5vvXIZ7KOnPyNBm92A6WgZ/7b6fJyUBjoumLqeOQQGqY2QjQxRo97ah4Sj0cA==",
      "os": ["win32"],
      "cpu": ["x64"]
    },
    "@rollup/rollup-android-arm-eabi@4.45.0": {
      "integrity": "sha512-2o/FgACbji4tW1dzXOqAV15Eu7DdgbKsF2QKcxfG4xbh5iwU7yr5RRP5/U+0asQliSYv5M4o7BevlGIoSL0LXg==",
      "os": ["android"],
      "cpu": ["arm"]
    },
    "@rollup/rollup-android-arm64@4.45.0": {
      "integrity": "sha512-PSZ0SvMOjEAxwZeTx32eI/j5xSYtDCRxGu5k9zvzoY77xUNssZM+WV6HYBLROpY5CkXsbQjvz40fBb7WPwDqtQ==",
      "os": ["android"],
      "cpu": ["arm64"]
    },
    "@rollup/rollup-darwin-arm64@4.45.0": {
      "integrity": "sha512-BA4yPIPssPB2aRAWzmqzQ3y2/KotkLyZukVB7j3psK/U3nVJdceo6qr9pLM2xN6iRP/wKfxEbOb1yrlZH6sYZg==",
      "os": ["darwin"],
      "cpu": ["arm64"]
    },
    "@rollup/rollup-darwin-x64@4.45.0": {
      "integrity": "sha512-Pr2o0lvTwsiG4HCr43Zy9xXrHspyMvsvEw4FwKYqhli4FuLE5FjcZzuQ4cfPe0iUFCvSQG6lACI0xj74FDZKRA==",
      "os": ["darwin"],
      "cpu": ["x64"]
    },
    "@rollup/rollup-freebsd-arm64@4.45.0": {
      "integrity": "sha512-lYE8LkE5h4a/+6VnnLiL14zWMPnx6wNbDG23GcYFpRW1V9hYWHAw9lBZ6ZUIrOaoK7NliF1sdwYGiVmziUF4vA==",
      "os": ["freebsd"],
      "cpu": ["arm64"]
    },
    "@rollup/rollup-freebsd-x64@4.45.0": {
      "integrity": "sha512-PVQWZK9sbzpvqC9Q0GlehNNSVHR+4m7+wET+7FgSnKG3ci5nAMgGmr9mGBXzAuE5SvguCKJ6mHL6vq1JaJ/gvw==",
      "os": ["freebsd"],
      "cpu": ["x64"]
    },
    "@rollup/rollup-linux-arm-gnueabihf@4.45.0": {
      "integrity": "sha512-hLrmRl53prCcD+YXTfNvXd776HTxNh8wPAMllusQ+amcQmtgo3V5i/nkhPN6FakW+QVLoUUr2AsbtIRPFU3xIA==",
      "os": ["linux"],
      "cpu": ["arm"]
    },
    "@rollup/rollup-linux-arm-musleabihf@4.45.0": {
      "integrity": "sha512-XBKGSYcrkdiRRjl+8XvrUR3AosXU0NvF7VuqMsm7s5nRy+nt58ZMB19Jdp1RdqewLcaYnpk8zeVs/4MlLZEJxw==",
      "os": ["linux"],
      "cpu": ["arm"]
    },
    "@rollup/rollup-linux-arm64-gnu@4.45.0": {
      "integrity": "sha512-fRvZZPUiBz7NztBE/2QnCS5AtqLVhXmUOPj9IHlfGEXkapgImf4W9+FSkL8cWqoAjozyUzqFmSc4zh2ooaeF6g==",
      "os": ["linux"],
      "cpu": ["arm64"]
    },
    "@rollup/rollup-linux-arm64-musl@4.45.0": {
      "integrity": "sha512-Btv2WRZOcUGi8XU80XwIvzTg4U6+l6D0V6sZTrZx214nrwxw5nAi8hysaXj/mctyClWgesyuxbeLylCBNauimg==",
      "os": ["linux"],
      "cpu": ["arm64"]
    },
    "@rollup/rollup-linux-loongarch64-gnu@4.45.0": {
      "integrity": "sha512-Li0emNnwtUZdLwHjQPBxn4VWztcrw/h7mgLyHiEI5Z0MhpeFGlzaiBHpSNVOMB/xucjXTTcO+dhv469Djr16KA==",
      "os": ["linux"],
      "cpu": ["loong64"]
    },
    "@rollup/rollup-linux-powerpc64le-gnu@4.45.0": {
      "integrity": "sha512-sB8+pfkYx2kvpDCfd63d5ScYT0Fz1LO6jIb2zLZvmK9ob2D8DeVqrmBDE0iDK8KlBVmsTNzrjr3G1xV4eUZhSw==",
      "os": ["linux"],
      "cpu": ["ppc64"]
    },
    "@rollup/rollup-linux-riscv64-gnu@4.45.0": {
      "integrity": "sha512-5GQ6PFhh7E6jQm70p1aW05G2cap5zMOvO0se5JMecHeAdj5ZhWEHbJ4hiKpfi1nnnEdTauDXxPgXae/mqjow9w==",
      "os": ["linux"],
      "cpu": ["riscv64"]
    },
    "@rollup/rollup-linux-riscv64-musl@4.45.0": {
      "integrity": "sha512-N/euLsBd1rekWcuduakTo/dJw6U6sBP3eUq+RXM9RNfPuWTvG2w/WObDkIvJ2KChy6oxZmOSC08Ak2OJA0UiAA==",
      "os": ["linux"],
      "cpu": ["riscv64"]
    },
    "@rollup/rollup-linux-s390x-gnu@4.45.0": {
      "integrity": "sha512-2l9sA7d7QdikL0xQwNMO3xURBUNEWyHVHfAsHsUdq+E/pgLTUcCE+gih5PCdmyHmfTDeXUWVhqL0WZzg0nua3g==",
      "os": ["linux"],
      "cpu": ["s390x"]
    },
    "@rollup/rollup-linux-x64-gnu@4.45.0": {
      "integrity": "sha512-XZdD3fEEQcwG2KrJDdEQu7NrHonPxxaV0/w2HpvINBdcqebz1aL+0vM2WFJq4DeiAVT6F5SUQas65HY5JDqoPw==",
      "os": ["linux"],
      "cpu": ["x64"]
    },
    "@rollup/rollup-linux-x64-musl@4.45.0": {
      "integrity": "sha512-7ayfgvtmmWgKWBkCGg5+xTQ0r5V1owVm67zTrsEY1008L5ro7mCyGYORomARt/OquB9KY7LpxVBZes+oSniAAQ==",
      "os": ["linux"],
      "cpu": ["x64"]
    },
    "@rollup/rollup-win32-arm64-msvc@4.45.0": {
      "integrity": "sha512-B+IJgcBnE2bm93jEW5kHisqvPITs4ddLOROAcOc/diBgrEiQJJ6Qcjby75rFSmH5eMGrqJryUgJDhrfj942apQ==",
      "os": ["win32"],
      "cpu": ["arm64"]
    },
    "@rollup/rollup-win32-ia32-msvc@4.45.0": {
      "integrity": "sha512-+CXwwG66g0/FpWOnP/v1HnrGVSOygK/osUbu3wPRy8ECXjoYKjRAyfxYpDQOfghC5qPJYLPH0oN4MCOjwgdMug==",
      "os": ["win32"],
      "cpu": ["ia32"]
    },
    "@rollup/rollup-win32-x64-msvc@4.45.0": {
      "integrity": "sha512-SRf1cytG7wqcHVLrBc9VtPK4pU5wxiB/lNIkNmW2ApKXIg+RpqwHfsaEK+e7eH4A1BpI6BX/aBWXxZCIrJg3uA==",
      "os": ["win32"],
      "cpu": ["x64"]
    },
    "ansi-regex@5.0.1": {
      "integrity": "sha512-quJQXlTSUGL2LH9SUXo8VwsY4soanhgo6LNSm84E1LBcE8s3O0wpdiRzyR9z/ZZJMlMWv37qOOb9pdJlMUEKFQ=="
    },
    "ansi-styles@4.3.0": {
      "integrity": "sha512-zbB9rCJAT1rbjiVDb2hqKFHNYLxgtk8NURxZ3IZwD3F6NtxbXZQCnnSi1Lkx+IDohdPlFp222wVALIheZJQSEg==",
      "dependencies": [
        "color-convert"
      ]
    },
    "chalk@4.1.2": {
      "integrity": "sha512-oKnbhFyRIXpUuez8iBMmyEa4nbj4IOQyuhc/wy9kY7/WVPcwIO9VA668Pu8RkO7+0G76SLROeyw9CpQ061i4mA==",
      "dependencies": [
        "ansi-styles",
        "supports-color@7.2.0"
      ]
    },
    "cliui@8.0.1": {
      "integrity": "sha512-BSeNnyus75C4//NQ9gQt1/csTXyo/8Sb+afLAkzAptFuMsod9HFokGNudZpi/oQV73hnVK+sR+5PVRMd+Dr7YQ==",
      "dependencies": [
        "string-width",
        "strip-ansi",
        "wrap-ansi"
      ]
    },
    "color-convert@2.0.1": {
      "integrity": "sha512-RRECPsj7iu/xb5oKYcsFHSppFNnsj/52OVTRKb4zP5onXwVF3zVmmToNcOfGC+CRDpfK/U584fMg38ZHCaElKQ==",
      "dependencies": [
        "color-name"
      ]
    },
    "color-name@1.1.4": {
      "integrity": "sha512-dOy+3AuW3a2wNbZHIuMZpTcgjGuLU/uBL/ubcZF9OXbDo8ff4O8yVp5Bf0efS8uEoYo5q4Fx7dY9OgQGXgAsQA=="
    },
    "concurrently@9.2.0": {
      "integrity": "sha512-IsB/fiXTupmagMW4MNp2lx2cdSN2FfZq78vF90LBB+zZHArbIQZjQtzXCiXnvTxCZSvXanTqFLWBjw2UkLx1SQ==",
      "dependencies": [
        "chalk",
        "lodash",
        "rxjs",
        "shell-quote",
        "supports-color@8.1.1",
        "tree-kill",
        "yargs"
      ],
      "bin": true
    },
    "emoji-regex@8.0.0": {
      "integrity": "sha512-MSjYzcWNOA0ewAHpz0MxpYFvwg6yjy1NG3xteoqz644VCo/RPgnr1/GGt+ic3iJTzQ8Eu3TdM14SawnVUmGE6A=="
    },
    "escalade@3.2.0": {
      "integrity": "sha512-WUj2qlxaQtO4g6Pq5c29GTcWGDyd8itL8zTlipgECz3JesAiiOKotd8JU6otB3PACgG6xkJUyVhboMS+bje/jA=="
    },
    "fsevents@2.3.3": {
      "integrity": "sha512-5xoDfX+fL7faATnagmWPpbFtwh/R77WmMMqqHGS65C3vvB0YHrgF+B1YmZ3441tMj5n63k0212XNoJwzlhffQw==",
      "os": ["darwin"],
      "scripts": true
    },
    "get-caller-file@2.0.5": {
      "integrity": "sha512-DyFP3BM/3YHTQOCUL/w0OZHR0lpKeGrxotcHWcqNEdnltqFwXVfhEBQ94eIo34AfQpo0rGki4cyIiftY06h2Fg=="
    },
    "has-flag@4.0.0": {
      "integrity": "sha512-EykJT/Q1KjTWctppgIAgfSO0tKVuZUjhgMr17kqTumMl6Afv3EISleU7qZUzoXDFTAHTDC4NOoG/ZxU3EvlMPQ=="
    },
    "is-fullwidth-code-point@3.0.0": {
      "integrity": "sha512-zymm5+u+sCsSWyD9qNaejV3DFvhCKclKdizYaJUuHA83RLjb7nSuGnddCHGv0hk+KY7BMAlsWeK4Ueg6EV6XQg=="
    },
    "lodash@4.17.21": {
      "integrity": "sha512-v2kDEe57lecTulaDIuNTPy3Ry4gLGJ6Z1O3vE1krgXZNrsQ+LFTGHVxVjcXPs17LhbZVGedAJv8XZ1tvj5FvSg=="
    },
    "require-directory@2.1.1": {
      "integrity": "sha512-fGxEI7+wsG9xrvdjsrlmL22OMTTiHRwAMroiEeMgq8gzoLC/PQr7RsRDSTLUg/bZAZtF+TVIkHc6/4RIKrui+Q=="
    },
    "rxjs@7.8.2": {
      "integrity": "sha512-dhKf903U/PQZY6boNNtAGdWbG85WAbjT/1xYoZIC7FAY0yWapOBQVsVrDl58W86//e1VpMNBtRV4MaXfdMySFA==",
      "dependencies": [
        "tslib"
      ]
    },
    "shell-quote@1.8.3": {
      "integrity": "sha512-ObmnIF4hXNg1BqhnHmgbDETF8dLPCggZWBjkQfhZpbszZnYur5DUljTcCHii5LC3J5E0yeO/1LIMyH+UvHQgyw=="
    },
    "string-width@4.2.3": {
      "integrity": "sha512-wKyQRQpjJ0sIp62ErSZdGsjMJWsap5oRNihHhu6G7JVO/9jIB6UyevL+tXuOqrng8j/cxKTWyWUwvSTriiZz/g==",
      "dependencies": [
        "emoji-regex",
        "is-fullwidth-code-point",
        "strip-ansi"
      ]
    },
    "strip-ansi@6.0.1": {
      "integrity": "sha512-Y38VPSHcqkFrCpFnQ9vuSXmquuv5oXOKpGeT6aGrr3o3Gc9AlVa6JBfUSOCnbxGGZF+/0ooI7KrPuUSztUdU5A==",
      "dependencies": [
        "ansi-regex"
      ]
    },
    "supports-color@7.2.0": {
      "integrity": "sha512-qpCAvRl9stuOHveKsn7HncJRvv501qIacKzQlO/+Lwxc9+0q2wLyv4Dfvt80/DPn2pqOBsJdDiogXGR9+OvwRw==",
      "dependencies": [
        "has-flag"
      ]
    },
    "supports-color@8.1.1": {
      "integrity": "sha512-MpUEN2OodtUzxvKQl72cUF7RQ5EiHsGvSsVG0ia9c5RbWGL2CI4C7EpPS8UTBIplnlzZiNuV56w+FuNxy3ty2Q==",
      "dependencies": [
        "has-flag"
      ]
    },
    "tree-kill@1.2.2": {
      "integrity": "sha512-L0Orpi8qGpRG//Nd+H90vFB+3iHnue1zSSGmNOOCh1GLJ7rUKVwV2HvijphGQS2UmhUZewS9VgvxYIdgr+fG1A==",
      "bin": true
    },
    "tslib@2.8.1": {
      "integrity": "sha512-oJFu94HQb+KVduSUQL7wnpmqnfmLsOA/nAh6b6EH0wCEoK0/mPeXU6c3wKDV83MkOuHPRHtSXKKU99IBazS/2w=="
    },
    "wrap-ansi@7.0.0": {
      "integrity": "sha512-YVGIj2kamLSTxw6NsZjoBxfSwsn0ycdesmc4p+Q21c5zPuZ1pl+NfxVdxPtdHvmNVOQ6XSYG4AUtyt/Fi7D16Q==",
      "dependencies": [
        "ansi-styles",
        "string-width",
        "strip-ansi"
      ]
    },
    "y18n@5.0.8": {
      "integrity": "sha512-0pfFzegeDWJHJIAmTLRP2DwHjdF5s7jo9tuztdQxAhINCdvS+3nGINqPd00AphqJR/0LhANUS6/+7SCb98YOfA=="
    },
    "yargs-parser@21.1.1": {
      "integrity": "sha512-tVpsJW7DdjecAiFpbIB1e3qxIQsE6NoPc5/eTdrbbIC4h0LVsWhnoa3g+m2HclBIujHzsxZ4VJVA+GUuc2/LBw=="
    },
    "yargs@17.7.2": {
      "integrity": "sha512-7dSzzRQ++CKnNI/krKnYRV7JKKPUXMEh61soaHKg9mrWEhzFWhFnxPxGl+69cD1Ou63C13NUPCnmIcrvqCuM6w==",
      "dependencies": [
        "cliui",
        "escalade",
        "get-caller-file",
        "require-directory",
        "string-width",
        "y18n",
        "yargs-parser"
      ]
    }
  },
  "redirects": {
    "https://esm.sh/atomic-sleep@^1.0.0?target=denonext": "https://esm.sh/atomic-sleep@1.0.0?target=denonext",
    "https://esm.sh/colorette@^2.0.7?target=denonext": "https://esm.sh/colorette@2.0.20?target=denonext",
    "https://esm.sh/dateformat@^4.6.3?target=denonext": "https://esm.sh/dateformat@4.6.3?target=denonext",
    "https://esm.sh/end-of-stream@^1.1.0?target=denonext": "https://esm.sh/end-of-stream@1.4.5?target=denonext",
    "https://esm.sh/fast-copy@^3.0.0?target=denonext": "https://esm.sh/fast-copy@3.0.2?target=denonext",
    "https://esm.sh/fast-redact@^3.1.1?target=denonext": "https://esm.sh/fast-redact@3.5.0?target=denonext",
    "https://esm.sh/fast-safe-stringify@^2.1.1?target=denonext": "https://esm.sh/fast-safe-stringify@2.1.1?target=denonext",
    "https://esm.sh/on-exit-leak-free@^2.1.0?target=denonext": "https://esm.sh/on-exit-leak-free@2.1.2?target=denonext",
    "https://esm.sh/once@^1.3.1?target=denonext": "https://esm.sh/once@1.4.0?target=denonext",
    "https://esm.sh/once@^1.4.0?target=denonext": "https://esm.sh/once@1.4.0?target=denonext",
    "https://esm.sh/pino-abstract-transport@^1.0.0?target=denonext": "https://esm.sh/pino-abstract-transport@1.2.0?target=denonext",
    "https://esm.sh/pino-std-serializers@^6.0.0?target=denonext": "https://esm.sh/pino-std-serializers@6.2.2?target=denonext",
    "https://esm.sh/process@^0.11.10?target=denonext": "https://esm.sh/process@0.11.10?target=denonext",
    "https://esm.sh/pump@^3.0.0?target=denonext": "https://esm.sh/pump@3.0.3?target=denonext",
    "https://esm.sh/quick-format-unescaped@^4.0.3?target=denonext": "https://esm.sh/quick-format-unescaped@4.0.4?target=denonext",
    "https://esm.sh/readable-stream@^4.0.0?target=denonext": "https://esm.sh/readable-stream@4.7.0?target=denonext",
    "https://esm.sh/safe-buffer@~5.2.0?target=denonext": "https://esm.sh/safe-buffer@5.2.1?target=denonext",
    "https://esm.sh/safe-stable-stringify@^2.3.1?target=denonext": "https://esm.sh/safe-stable-stringify@2.5.0?target=denonext",
    "https://esm.sh/secure-json-parse@^2.4.0?target=denonext": "https://esm.sh/secure-json-parse@2.7.0?target=denonext",
    "https://esm.sh/sonic-boom@^3.0.0?target=denonext": "https://esm.sh/sonic-boom@3.8.1?target=denonext",
    "https://esm.sh/sonic-boom@^3.1.0?target=denonext": "https://esm.sh/sonic-boom@3.8.1?target=denonext",
    "https://esm.sh/split2@^4.0.0?target=denonext": "https://esm.sh/split2@4.2.0?target=denonext",
    "https://esm.sh/string_decoder@^1.3.0?target=denonext": "https://esm.sh/string_decoder@1.3.0?target=denonext",
    "https://esm.sh/thread-stream@^2.0.0?target=denonext": "https://esm.sh/thread-stream@2.7.0?target=denonext",
    "https://esm.sh/wrappy@1?target=denonext": "https://esm.sh/wrappy@1.0.2?target=denonext"
  },
  "remote": {
    "https://deno.land/std@0.140.0/async/abortable.ts": "87aa7230be8360c24ad437212311c9e8d4328854baec27b4c7abb26e85515c06",
    "https://deno.land/std@0.140.0/async/deadline.ts": "48ac998d7564969f3e6ec6b6f9bf0217ebd00239b1b2292feba61272d5dd58d0",
    "https://deno.land/std@0.140.0/async/debounce.ts": "564273ef242bcfcda19a439132f940db8694173abffc159ea34f07d18fc42620",
    "https://deno.land/std@0.140.0/async/deferred.ts": "bc18e28108252c9f67dfca2bbc4587c3cbf3aeb6e155f8c864ca8ecff992b98a",
    "https://deno.land/std@0.140.0/async/delay.ts": "cbbdf1c87d1aed8edc7bae13592fb3e27e3106e0748f089c263390d4f49e5f6c",
    "https://deno.land/std@0.140.0/async/mod.ts": "6e42e275b44367361a81842dd1a789c55ab206d7c8a877d7163ab5c460625be6",
    "https://deno.land/std@0.140.0/async/mux_async_iterator.ts": "f4d1d259b0c694d381770ddaaa4b799a94843eba80c17f4a2ec2949168e52d1e",
    "https://deno.land/std@0.140.0/async/pool.ts": "97b0dd27c69544e374df857a40902e74e39532f226005543eabacb551e277082",
    "https://deno.land/std@0.140.0/async/tee.ts": "1341feb1f5b1a96f8628d0f8fc07d8c43d3813423f18a63bf1b4785568d21b1f",
    "https://deno.land/std@0.140.0/http/server.ts": "3da75405704bebcf212a55966a68a489f7e094ba52b5d38f181fe0ef8461a55d",
    "https://esm.sh/atomic-sleep@1.0.0/denonext/atomic-sleep.mjs": "049897a4abe2485a0f04f004fb9d65a1487b45cd116afdce884d3f7f27cfd850",
    "https://esm.sh/atomic-sleep@1.0.0?target=denonext": "b9c9e2282ffb226244a97665e7bee9d85f0da84fc02e22d338c5cb14c34d1607",
    "https://esm.sh/colorette@2.0.20/denonext/colorette.mjs": "b639090e8bd5f4442fbc389de2d77c5d9095c68d5daf57f9723c2f304ef602d6",
    "https://esm.sh/colorette@2.0.20?target=denonext": "a625e1281acc28960248fb667a0b5ece3a0510d6f79fefcc48724f1484d69b02",
    "https://esm.sh/dateformat@4.6.3/denonext/dateformat.mjs": "4682e977434f6d7eb9de92e2b92cdeed0ecc5284947731626424d908e5e37592",
    "https://esm.sh/dateformat@4.6.3?target=denonext": "e9a43785e9147c1ee470c9642b120a7cebf57f0395c550e072b6e72ee3f32fb1",
    "https://esm.sh/end-of-stream@1.4.5/denonext/end-of-stream.mjs": "c511aeaea5e808ace58c46cbddce6d84ceb0bcdd969a6f704cac13e012e1ae03",
    "https://esm.sh/end-of-stream@1.4.5?target=denonext": "4b147355dee74ffd5482a770a95b33b197e8cb7ab4036311378df40bc4ea94fe",
    "https://esm.sh/fast-copy@3.0.2/denonext/fast-copy.mjs": "c423a79c0331e9c689071207a4bcf18b19ba7f5da84d563d77d6a04e292d327a",
    "https://esm.sh/fast-copy@3.0.2?target=denonext": "ce64a91d5af036c82fea24c666485e43bf626ddaa70ea405165339e5497ad311",
    "https://esm.sh/fast-redact@3.5.0/denonext/fast-redact.mjs": "ca0bf087e4215cfba750991a8bb79d68faf611b50b89cbd6d7536f2e2c2801ff",
    "https://esm.sh/fast-redact@3.5.0?target=denonext": "b534607a799b8305070531b6cfc144bd547f34a1e964f6cc26c23460e5c96e0e",
    "https://esm.sh/fast-safe-stringify@2.1.1/denonext/fast-safe-stringify.mjs": "81867c3a5447dbe29a0ef3f305587f995ffba751a7f03d3e7f42849b0f565286",
    "https://esm.sh/fast-safe-stringify@2.1.1?target=denonext": "57316e9ed392217f57d729594ac60d72818d41087ef57c0446ee0ae59d31488e",
    "https://esm.sh/on-exit-leak-free@2.1.2/denonext/on-exit-leak-free.mjs": "186043fa40e3375fa47041d530484f505086c71b198eb3e1aba6c3bf3c5916f1",
    "https://esm.sh/on-exit-leak-free@2.1.2?target=denonext": "1ae736c4ec4c170e327c0cb0a7d2b6f8824f2bd278a4d8885896528a5cc21af6",
    "https://esm.sh/once@1.4.0/denonext/once.mjs": "cb2ad3a1bf30d4a2400ad6f8477c36fcee3538a95729e6bf071a8446dd69fbea",
    "https://esm.sh/once@1.4.0?target=denonext": "76b137ba41d1f2fb149bfcad1d01565884edf385635622611ce3d9fc8b8b54ce",
    "https://esm.sh/pino-abstract-transport@1.2.0/denonext/pino-abstract-transport.mjs": "049c29293d8f32a99277899d2b0e02240450526b1ca8aaa86c3c41c8035d2855",
    "https://esm.sh/pino-abstract-transport@1.2.0?target=denonext": "327562df56dcbbe8756750812f5ee2d69e256f5e123de02f2d9e4621522035bc",
    "https://esm.sh/pino-pretty@10.2.0": "64bbcfedf65dbd2e3d5304e08c063d919478c028292c3f2470d7a25b42f33a19",
    "https://esm.sh/pino-pretty@10.2.0/denonext/pino-pretty.mjs": "dde823aeb12eb9fd15959eb5603602c0bf72fd6a6c8fc17164349547b9b68594",
    "https://esm.sh/pino-std-serializers@6.2.2/denonext/pino-std-serializers.mjs": "ce1c9ac6874377690be260efe6a4e2f6ed76850f3ba146239e23c4974186f55c",
    "https://esm.sh/pino-std-serializers@6.2.2?target=denonext": "dfd4993aafb86f0f7583d1adbdc15b357a78a36b59c8be0a4ca6e35f11731a92",
    "https://esm.sh/pino@8.15.0": "cb516a1b0089714b48ff7f7b0fd1ff5b3fb821cbdf39398f1b49f013047e0452",
    "https://esm.sh/pino@8.15.0/denonext/pino.mjs": "759b0d2e22928dc70755c3e2f3173fce829d6c93a84797f06d1fbfddb3a9b503",
    "https://esm.sh/process@0.11.10/denonext/process.mjs": "090e664e58df177ad8e385671cb9245e024c4b842d3286c6a9a4bb681df919a9",
    "https://esm.sh/process@0.11.10?target=denonext": "04ea866e2d41774b69ea209bd33ec3422f8ebdb985ae45d4c8f89dbfb34f5dbe",
    "https://esm.sh/pump@3.0.3/denonext/pump.mjs": "6f3fc6dfe9f295b377736fc6ed08dcc0b8249c86a99c0f367da630a9ac707be5",
    "https://esm.sh/pump@3.0.3?target=denonext": "ea87f5044db6b40cf4ce9beb2c0355839c5d692878e506b13b459835cda266fe",
    "https://esm.sh/quick-format-unescaped@4.0.4/denonext/quick-format-unescaped.mjs": "edd9c1a829fbc5340ea89999390831c91f6b9961c132d94a1217d18e0f946e89",
    "https://esm.sh/quick-format-unescaped@4.0.4?target=denonext": "faf1f7a56ae968c81d0c37bd9f1eaead363afee5cd73eb2fc0e51c8f772b1291",
    "https://esm.sh/readable-stream@4.7.0/denonext/readable-stream.mjs": "81c0fc6b1f08c4edb8d5d379e46a603a3acf461d0be79e86e68fe7ae5faa22f0",
    "https://esm.sh/readable-stream@4.7.0?target=denonext": "3e541c1f82f19ae930cc3b4ad4aed63ed663b3512c37fba2a49d8adb18f6afc3",
    "https://esm.sh/safe-buffer@5.2.1/denonext/safe-buffer.mjs": "51b088d69d0bbf6d7ce4179853887e105715df40e432a3bff0e9575cc2285276",
    "https://esm.sh/safe-buffer@5.2.1?target=denonext": "34028b9647c849fa96dfd3d9f217a3adca8b43b13409820ac3f43fb15eba3e20",
    "https://esm.sh/safe-stable-stringify@2.5.0/denonext/safe-stable-stringify.mjs": "924a3f8922c879120dcfa8f3e5f6caed9428c57035e6f9d284df270f4ae1574f",
    "https://esm.sh/safe-stable-stringify@2.5.0?target=denonext": "8fae26be3ee4e8f6f1fc01e324853580cc299bae66f3b2d8e71bd2d8a1106ce6",
    "https://esm.sh/secure-json-parse@2.7.0/denonext/secure-json-parse.mjs": "bb9840bcb6fdce5857d7412b4c4e272b70044efac66a58cc78d8c97bdb56786d",
    "https://esm.sh/secure-json-parse@2.7.0?target=denonext": "00b85213b6c18313c3de9c07941e27f9666f8c601818c221775a4f744430f89f",
    "https://esm.sh/sonic-boom@3.8.1/denonext/sonic-boom.mjs": "6217d81bb1ade9b869125d06cebc494706818a9516ecd1f97265924dec68ebb4",
    "https://esm.sh/sonic-boom@3.8.1?target=denonext": "534ea6cb87ba28289beb955c98394ed6350a994ab3f97ff9f60d290f9bf7240f",
    "https://esm.sh/split2@4.2.0/denonext/split2.mjs": "120c884d438f72a577cb92e4c6c560d0a53b7dabb9ef09411a318be263f14e2e",
    "https://esm.sh/split2@4.2.0?target=denonext": "d3ae08eda4e92cd0990588b494501495674c58af1450e35e36c6614b4878cb4f",
    "https://esm.sh/string_decoder@1.3.0/denonext/string_decoder.mjs": "85101acf5061e49887913bdea19e62937550fb644532540e55019acd88d2189a",
    "https://esm.sh/string_decoder@1.3.0?target=denonext": "0442e3edb67b63113ed964b3754d5a3170898a23a86e2d05c23432c346a0391e",
    "https://esm.sh/thread-stream@2.7.0/denonext/thread-stream.mjs": "132e4f86947738e6863aba0567ffcba2f7552705f209fa66ccfa6a352e04d449",
    "https://esm.sh/thread-stream@2.7.0?target=denonext": "3ab87de4103a163ac158850d831be6b2788113ee719c2ce56d1efa50e6637eca",
    "https://esm.sh/wrappy@1.0.2/denonext/wrappy.mjs": "9b30fecc8c0ab8657d63ee25d8d67f22fed7ce32136e667f7da1e88cbc8b8ef4",
    "https://esm.sh/wrappy@1.0.2?target=denonext": "8320150f54fb04978cacf7cfc557e43eca3b628375e09d45e78268d8035def7f"
  },
  "workspace": {
    "packageJson": {
      "dependencies": [
        "npm:concurrently@^9.2.0"
      ]
    }
  }
}
